// !$*UTF8*$!
{
	archiveVersion = 1;
	classes = {
	};
	objectVersion = 56;
	objects = {

/* Begin PBXBuildFile section */
		7314903B22D75898E9B4A6E1 /* Pods_Foursquare_Clone.framework in Frameworks */ = {isa = PBXBuildFile; fileRef = A1A199E987FF30DD31CEFA41 /* Pods_Foursquare_Clone.framework */; };
		F09CE0E229BB7271001ABC4C /* PlacesVC.swift in Sources */ = {isa = PBXBuildFile; fileRef = F09CE0E129BB7271001ABC4C /* PlacesVC.swift */; };
		F09CE0E429BBA006001ABC4C /* AddPlaceVC.swift in Sources */ = {isa = PBXBuildFile; fileRef = F09CE0E329BBA006001ABC4C /* AddPlaceVC.swift */; };
		F09CE0E629BBA3E1001ABC4C /* AddMapVC.swift in Sources */ = {isa = PBXBuildFile; fileRef = F09CE0E529BBA3E1001ABC4C /* AddMapVC.swift */; };
		F09CE0E829BBA938001ABC4C /* DetailsVC.swift in Sources */ = {isa = PBXBuildFile; fileRef = F09CE0E729BBA938001ABC4C /* DetailsVC.swift */; };
		F09CE0EA29BBB318001ABC4C /* PlaceModel.swift in Sources */ = {isa = PBXBuildFile; fileRef = F09CE0E929BBB318001ABC4C /* PlaceModel.swift */; };
		F0F7C04529BB514B0044C376 /* AppDelegate.swift in Sources */ = {isa = PBXBuildFile; fileRef = F0F7C04429BB514B0044C376 /* AppDelegate.swift */; };
		F0F7C04729BB514B0044C376 /* SceneDelegate.swift in Sources */ = {isa = PBXBuildFile; fileRef = F0F7C04629BB514B0044C376 /* SceneDelegate.swift */; };
		F0F7C04929BB514B0044C376 /* ViewController.swift in Sources */ = {isa = PBXBuildFile; fileRef = F0F7C04829BB514B0044C376 /* ViewController.swift */; };
		F0F7C04C29BB514B0044C376 /* Main.storyboard in Resources */ = {isa = PBXBuildFile; fileRef = F0F7C04A29BB514B0044C376 /* Main.storyboard */; };
		F0F7C04E29BB514C0044C376 /* Assets.xcassets in Resources */ = {isa = PBXBuildFile; fileRef = F0F7C04D29BB514C0044C376 /* Assets.xcassets */; };
		F0F7C05129BB514C0044C376 /* LaunchScreen.storyboard in Resources */ = {isa = PBXBuildFile; fileRef = F0F7C04F29BB514C0044C376 /* LaunchScreen.storyboard */; };
		F0F7C05929BB529B0044C376 /* GoogleService-Info.plist in Resources */ = {isa = PBXBuildFile; fileRef = F0F7C05829BB529B0044C376 /* GoogleService-Info.plist */; };
/* End PBXBuildFile section */

/* Begin PBXFileReference section */
		0355EF3365B77A3D6695B287 /* Pods-Foursquare Clone.release.xcconfig */ = {isa = PBXFileReference; includeInIndex = 1; lastKnownFileType = text.xcconfig; name = "Pods-Foursquare Clone.release.xcconfig"; path = "Target Support Files/Pods-Foursquare Clone/Pods-Foursquare Clone.release.xcconfig"; sourceTree = "<group>"; };
		2B7712FF5E08C074BD4D0B43 /* Pods-Foursquare Clone.debug.xcconfig */ = {isa = PBXFileReference; includeInIndex = 1; lastKnownFileType = text.xcconfig; name = "Pods-Foursquare Clone.debug.xcconfig"; path = "Target Support Files/Pods-Foursquare Clone/Pods-Foursquare Clone.debug.xcconfig"; sourceTree = "<group>"; };
		A1A199E987FF30DD31CEFA41 /* Pods_Foursquare_Clone.framework */ = {isa = PBXFileReference; explicitFileType = wrapper.framework; includeInIndex = 0; path = Pods_Foursquare_Clone.framework; sourceTree = BUILT_PRODUCTS_DIR; };
		F09CE0E129BB7271001ABC4C /* PlacesVC.swift */ = {isa = PBXFileReference; lastKnownFileType = sourcecode.swift; path = PlacesVC.swift; sourceTree = "<group>"; };
		F09CE0E329BBA006001ABC4C /* AddPlaceVC.swift */ = {isa = PBXFileReference; lastKnownFileType = sourcecode.swift; path = AddPlaceVC.swift; sourceTree = "<group>"; };
		F09CE0E529BBA3E1001ABC4C /* AddMapVC.swift */ = {isa = PBXFileReference; lastKnownFileType = sourcecode.swift; path = AddMapVC.swift; sourceTree = "<group>"; };
		F09CE0E729BBA938001ABC4C /* DetailsVC.swift */ = {isa = PBXFileReference; lastKnownFileType = sourcecode.swift; path = DetailsVC.swift; sourceTree = "<group>"; };
		F09CE0E929BBB318001ABC4C /* PlaceModel.swift */ = {isa = PBXFileReference; lastKnownFileType = sourcecode.swift; path = PlaceModel.swift; sourceTree = "<group>"; };
		F0F7C04129BB514B0044C376 /* Foursquare Clone.app */ = {isa = PBXFileReference; explicitFileType = wrapper.application; includeInIndex = 0; path = "Foursquare Clone.app"; sourceTree = BUILT_PRODUCTS_DIR; };
		F0F7C04429BB514B0044C376 /* AppDelegate.swift */ = {isa = PBXFileReference; lastKnownFileType = sourcecode.swift; path = AppDelegate.swift; sourceTree = "<group>"; };
		F0F7C04629BB514B0044C376 /* SceneDelegate.swift */ = {isa = PBXFileReference; lastKnownFileType = sourcecode.swift; path = SceneDelegate.swift; sourceTree = "<group>"; };
		F0F7C04829BB514B0044C376 /* ViewController.swift */ = {isa = PBXFileReference; lastKnownFileType = sourcecode.swift; path = ViewController.swift; sourceTree = "<group>"; };
		F0F7C04B29BB514B0044C376 /* Base */ = {isa = PBXFileReference; lastKnownFileType = file.storyboard; name = Base; path = Base.lproj/Main.storyboard; sourceTree = "<group>"; };
		F0F7C04D29BB514C0044C376 /* Assets.xcassets */ = {isa = PBXFileReference; lastKnownFileType = folder.assetcatalog; path = Assets.xcassets; sourceTree = "<group>"; };
		F0F7C05029BB514C0044C376 /* Base */ = {isa = PBXFileReference; lastKnownFileType = file.storyboard; name = Base; path = Base.lproj/LaunchScreen.storyboard; sourceTree = "<group>"; };
		F0F7C05229BB514C0044C376 /* Info.plist */ = {isa = PBXFileReference; lastKnownFileType = text.plist.xml; path = Info.plist; sourceTree = "<group>"; };
		F0F7C05829BB529B0044C376 /* GoogleService-Info.plist */ = {isa = PBXFileReference; fileEncoding = 4; lastKnownFileType = text.plist.xml; path = "GoogleService-Info.plist"; sourceTree = "<group>"; };
/* End PBXFileReference section */

/* Begin PBXFrameworksBuildPhase section */
		F0F7C03E29BB514B0044C376 /* Frameworks */ = {
			isa = PBXFrameworksBuildPhase;
			buildActionMask = 2147483647;
			files = (
				7314903B22D75898E9B4A6E1 /* Pods_Foursquare_Clone.framework in Frameworks */,
			);
			runOnlyForDeploymentPostprocessing = 0;
		};
/* End PBXFrameworksBuildPhase section */

/* Begin PBXGroup section */
		0DC00A44AB67ECE66F55C838 /* Pods */ = {
			isa = PBXGroup;
			children = (
				2B7712FF5E08C074BD4D0B43 /* Pods-Foursquare Clone.debug.xcconfig */,
				0355EF3365B77A3D6695B287 /* Pods-Foursquare Clone.release.xcconfig */,
			);
			path = Pods;
			sourceTree = "<group>";
		};
		7018FCF38A767B1FBD8E7DC7 /* Frameworks */ = {
			isa = PBXGroup;
			children = (
				A1A199E987FF30DD31CEFA41 /* Pods_Foursquare_Clone.framework */,
			);
			name = Frameworks;
			sourceTree = "<group>";
		};
		F0F7C03829BB514B0044C376 = {
			isa = PBXGroup;
			children = (
				F0F7C04329BB514B0044C376 /* Foursquare Clone */,
				F0F7C04229BB514B0044C376 /* Products */,
				0DC00A44AB67ECE66F55C838 /* Pods */,
				7018FCF38A767B1FBD8E7DC7 /* Frameworks */,
			);
			sourceTree = "<group>";
		};
		F0F7C04229BB514B0044C376 /* Products */ = {
			isa = PBXGroup;
			children = (
				F0F7C04129BB514B0044C376 /* Foursquare Clone.app */,
			);
			name = Products;
			sourceTree = "<group>";
		};
		F0F7C04329BB514B0044C376 /* Foursquare Clone */ = {
			isa = PBXGroup;
			children = (
				F0F7C04429BB514B0044C376 /* AppDelegate.swift */,
				F0F7C04629BB514B0044C376 /* SceneDelegate.swift */,
				F0F7C04829BB514B0044C376 /* ViewController.swift */,
				F09CE0E129BB7271001ABC4C /* PlacesVC.swift */,
				F09CE0E329BBA006001ABC4C /* AddPlaceVC.swift */,
				F09CE0E529BBA3E1001ABC4C /* AddMapVC.swift */,
				F09CE0E729BBA938001ABC4C /* DetailsVC.swift */,
				F09CE0E929BBB318001ABC4C /* PlaceModel.swift */,
				F0F7C04A29BB514B0044C376 /* Main.storyboard */,
				F0F7C04D29BB514C0044C376 /* Assets.xcassets */,
				F0F7C04F29BB514C0044C376 /* LaunchScreen.storyboard */,
				F0F7C05829BB529B0044C376 /* GoogleService-Info.plist */,
				F0F7C05229BB514C0044C376 /* Info.plist */,
			);
			path = "Foursquare Clone";
			sourceTree = "<group>";
		};
/* End PBXGroup section */

/* Begin PBXNativeTarget section */
		F0F7C04029BB514B0044C376 /* Foursquare Clone */ = {
			isa = PBXNativeTarget;
			buildConfigurationList = F0F7C05529BB514C0044C376 /* Build configuration list for PBXNativeTarget "Foursquare Clone" */;
			buildPhases = (
				FB6BA379EE1FB0AB4BC3D2B4 /* [CP] Check Pods Manifest.lock */,
				F0F7C03D29BB514B0044C376 /* Sources */,
				F0F7C03E29BB514B0044C376 /* Frameworks */,
				F0F7C03F29BB514B0044C376 /* Resources */,
				0CF7EB514FC23B98DF92BDE4 /* [CP] Embed Pods Frameworks */,
			);
			buildRules = (
			);
			dependencies = (
			);
			name = "Foursquare Clone";
			productName = "Foursquare Clone";
			productReference = F0F7C04129BB514B0044C376 /* Foursquare Clone.app */;
			productType = "com.apple.product-type.application";
		};
/* End PBXNativeTarget section */

/* Begin PBXProject section */
		F0F7C03929BB514B0044C376 /* Project object */ = {
			isa = PBXProject;
			attributes = {
				BuildIndependentTargetsInParallel = 1;
				LastSwiftUpdateCheck = 1420;
				LastUpgradeCheck = 1420;
				TargetAttributes = {
					F0F7C04029BB514B0044C376 = {
						CreatedOnToolsVersion = 14.2;
					};
				};
			};
			buildConfigurationList = F0F7C03C29BB514B0044C376 /* Build configuration list for PBXProject "Foursquare Clone" */;
			compatibilityVersion = "Xcode 14.0";
			developmentRegion = en;
			hasScannedForEncodings = 0;
			knownRegions = (
				en,
				Base,
			);
			mainGroup = F0F7C03829BB514B0044C376;
			productRefGroup = F0F7C04229BB514B0044C376 /* Products */;
			projectDirPath = "";
			projectRoot = "";
			targets = (
				F0F7C04029BB514B0044C376 /* Foursquare Clone */,
			);
		};
/* End PBXProject section */

/* Begin PBXResourcesBuildPhase section */
		F0F7C03F29BB514B0044C376 /* Resources */ = {
			isa = PBXResourcesBuildPhase;
			buildActionMask = 2147483647;
			files = (
				F0F7C05129BB514C0044C376 /* LaunchScreen.storyboard in Resources */,
				F0F7C05929BB529B0044C376 /* GoogleService-Info.plist in Resources */,
				F0F7C04E29BB514C0044C376 /* Assets.xcassets in Resources */,
				F0F7C04C29BB514B0044C376 /* Main.storyboard in Resources */,
			);
			runOnlyForDeploymentPostprocessing = 0;
		};
/* End PBXResourcesBuildPhase section */

/* Begin PBXShellScriptBuildPhase section */
		0CF7EB514FC23B98DF92BDE4 /* [CP] Embed Pods Frameworks */ = {
			isa = PBXShellScriptBuildPhase;
			buildActionMask = 2147483647;
			files = (
			);
			inputFileListPaths = (
				"${PODS_ROOT}/Target Support Files/Pods-Foursquare Clone/Pods-Foursquare Clone-frameworks-${CONFIGURATION}-input-files.xcfilelist",
			);
			name = "[CP] Embed Pods Frameworks";
			outputFileListPaths = (
				"${PODS_ROOT}/Target Support Files/Pods-Foursquare Clone/Pods-Foursquare Clone-frameworks-${CONFIGURATION}-output-files.xcfilelist",
			);
			runOnlyForDeploymentPostprocessing = 0;
			shellPath = /bin/sh;
			shellScript = "\"${PODS_ROOT}/Target Support Files/Pods-Foursquare Clone/Pods-Foursquare Clone-frameworks.sh\"\n";
			showEnvVarsInLog = 0;
		};
		FB6BA379EE1FB0AB4BC3D2B4 /* [CP] Check Pods Manifest.lock */ = {
			isa = PBXShellScriptBuildPhase;
			buildActionMask = 2147483647;
			files = (
			);
			inputFileListPaths = (
			);
			inputPaths = (
				"${PODS_PODFILE_DIR_PATH}/Podfile.lock",
				"${PODS_ROOT}/Manifest.lock",
			);
			name = "[CP] Check Pods Manifest.lock";
			outputFileListPaths = (
			);
			outputPaths = (
				"$(DERIVED_FILE_DIR)/Pods-Foursquare Clone-checkManifestLockResult.txt",
			);
			runOnlyForDeploymentPostprocessing = 0;
			shellPath = /bin/sh;
			shellScript = "diff \"${PODS_PODFILE_DIR_PATH}/Podfile.lock\" \"${PODS_ROOT}/Manifest.lock\" > /dev/null\nif [ $? != 0 ] ; then\n    # print error to STDERR\n    echo \"error: The sandbox is not in sync with the Podfile.lock. Run 'pod install' or update your CocoaPods installation.\" >&2\n    exit 1\nfi\n# This output is used by Xcode 'outputs' to avoid re-running this script phase.\necho \"SUCCESS\" > \"${SCRIPT_OUTPUT_FILE_0}\"\n";
			showEnvVarsInLog = 0;
		};
/* End PBXShellScriptBuildPhase section */

/* Begin PBXSourcesBuildPhase section */
		F0F7C03D29BB514B0044C376 /* Sources */ = {
			isa = PBXSourcesBuildPhase;
			buildActionMask = 2147483647;
			files = (
				F0F7C04929BB514B0044C376 /* ViewController.swift in Sources */,
				F09CE0EA29BBB318001ABC4C /* PlaceModel.swift in Sources */,
				F0F7C04529BB514B0044C376 /* AppDelegate.swift in Sources */,
				F09CE0E229BB7271001ABC4C /* PlacesVC.swift in Sources */,
				F09CE0E629BBA3E1001ABC4C /* AddMapVC.swift in Sources */,
				F09CE0E829BBA938001ABC4C /* DetailsVC.swift in Sources */,
				F09CE0E429BBA006001ABC4C /* AddPlaceVC.swift in Sources */,
				F0F7C04729BB514B0044C376 /* SceneDelegate.swift in Sources */,
			);
			runOnlyForDeploymentPostprocessing = 0;
		};
/* End PBXSourcesBuildPhase section */

/* Begin PBXVariantGroup section */
		F0F7C04A29BB514B0044C376 /* Main.storyboard */ = {
			isa = PBXVariantGroup;
			children = (
				F0F7C04B29BB514B0044C376 /* Base */,
			);
			name = Main.storyboard;
			sourceTree = "<group>";
		};
		F0F7C04F29BB514C0044C376 /* LaunchScreen.storyboard */ = {
			isa = PBXVariantGroup;
			children = (
				F0F7C05029BB514C0044C376 /* Base */,
			);
			name = LaunchScreen.storyboard;
			sourceTree = "<group>";
		};
/* End PBXVariantGroup section */

/* Begin XCBuildConfiguration section */
		F0F7C05329BB514C0044C376 /* Debug */ = {
			isa = XCBuildConfiguration;
			buildSettings = {
				ALWAYS_SEARCH_USER_PATHS = NO;
				CLANG_ANALYZER_NONNULL = YES;
				CLANG_ANALYZER_NUMBER_OBJECT_CONVERSION = YES_AGGRESSIVE;
				CLANG_CXX_LANGUAGE_STANDARD = "gnu++20";
				CLANG_ENABLE_MODULES = YES;
				CLANG_ENABLE_OBJC_ARC = YES;
				CLANG_ENABLE_OBJC_WEAK = YES;
				CLANG_WARN_BLOCK_CAPTURE_AUTORELEASING = YES;
				CLANG_WARN_BOOL_CONVERSION = YES;
				CLANG_WARN_COMMA = YES;
				CLANG_WARN_CONSTANT_CONVERSION = YES;
				CLANG_WARN_DEPRECATED_OBJC_IMPLEMENTATIONS = YES;
				CLANG_WARN_DIRECT_OBJC_ISA_USAGE = YES_ERROR;
				CLANG_WARN_DOCUMENTATION_COMMENTS = YES;
				CLANG_WARN_EMPTY_BODY = YES;
				CLANG_WARN_ENUM_CONVERSION = YES;
				CLANG_WARN_INFINITE_RECURSION = YES;
				CLANG_WARN_INT_CONVERSION = YES;
				CLANG_WARN_NON_LITERAL_NULL_CONVERSION = YES;
				CLANG_WARN_OBJC_IMPLICIT_RETAIN_SELF = YES;
				CLANG_WARN_OBJC_LITERAL_CONVERSION = YES;
				CLANG_WARN_OBJC_ROOT_CLASS = YES_ERROR;
				CLANG_WARN_QUOTED_INCLUDE_IN_FRAMEWORK_HEADER = YES;
				CLANG_WARN_RANGE_LOOP_ANALYSIS = YES;
				CLANG_WARN_STRICT_PROTOTYPES = YES;
				CLANG_WARN_SUSPICIOUS_MOVE = YES;
				CLANG_WARN_UNGUARDED_AVAILABILITY = YES_AGGRESSIVE;
				CLANG_WARN_UNREACHABLE_CODE = YES;
				CLANG_WARN__DUPLICATE_METHOD_MATCH = YES;
				COPY_PHASE_STRIP = NO;
				DEBUG_INFORMATION_FORMAT = dwarf;
				ENABLE_STRICT_OBJC_MSGSEND = YES;
				ENABLE_TESTABILITY = YES;
				GCC_C_LANGUAGE_STANDARD = gnu11;
				GCC_DYNAMIC_NO_PIC = NO;
				GCC_NO_COMMON_BLOCKS = YES;
				GCC_OPTIMIZATION_LEVEL = 0;
				GCC_PREPROCESSOR_DEFINITIONS = (
					"DEBUG=1",
					"$(inherited)",
				);
				GCC_WARN_64_TO_32_BIT_CONVERSION = YES;
				GCC_WARN_ABOUT_RETURN_TYPE = YES_ERROR;
				GCC_WARN_UNDECLARED_SELECTOR = YES;
				GCC_WARN_UNINITIALIZED_AUTOS = YES_AGGRESSIVE;
				GCC_WARN_UNUSED_FUNCTION = YES;
				GCC_WARN_UNUSED_VARIABLE = YES;
				IPHONEOS_DEPLOYMENT_TARGET = 16.2;
				MTL_ENABLE_DEBUG_INFO = INCLUDE_SOURCE;
				MTL_FAST_MATH = YES;
				ONLY_ACTIVE_ARCH = YES;
				SDKROOT = iphoneos;
				SWIFT_ACTIVE_COMPILATION_CONDITIONS = DEBUG;
				SWIFT_OPTIMIZATION_LEVEL = "-Onone";
			};
			name = Debug;
		};
		F0F7C05429BB514C0044C376 /* Release */ = {
			isa = XCBuildConfiguration;
			buildSettings = {
				ALWAYS_SEARCH_USER_PATHS = NO;
				CLANG_ANALYZER_NONNULL = YES;
				CLANG_ANALYZER_NUMBER_OBJECT_CONVERSION = YES_AGGRESSIVE;
				CLANG_CXX_LANGUAGE_STANDARD = "gnu++20";
				CLANG_ENABLE_MODULES = YES;
				CLANG_ENABLE_OBJC_ARC = YES;
				CLANG_ENABLE_OBJC_WEAK = YES;
				CLANG_WARN_BLOCK_CAPTURE_AUTORELEASING = YES;
				CLANG_WARN_BOOL_CONVERSION = YES;
				CLANG_WARN_COMMA = YES;
				CLANG_WARN_CONSTANT_CONVERSION = YES;
				CLANG_WARN_DEPRECATED_OBJC_IMPLEMENTATIONS = YES;
				CLANG_WARN_DIRECT_OBJC_ISA_USAGE = YES_ERROR;
				CLANG_WARN_DOCUMENTATION_COMMENTS = YES;
				CLANG_WARN_EMPTY_BODY = YES;
				CLANG_WARN_ENUM_CONVERSION = YES;
				CLANG_WARN_INFINITE_RECURSION = YES;
				CLANG_WARN_INT_CONVERSION = YES;
				CLANG_WARN_NON_LITERAL_NULL_CONVERSION = YES;
				CLANG_WARN_OBJC_IMPLICIT_RETAIN_SELF = YES;
				CLANG_WARN_OBJC_LITERAL_CONVERSION = YES;
				CLANG_WARN_OBJC_ROOT_CLASS = YES_ERROR;
				CLANG_WARN_QUOTED_INCLUDE_IN_FRAMEWORK_HEADER = YES;
				CLANG_WARN_RANGE_LOOP_ANALYSIS = YES;
				CLANG_WARN_STRICT_PROTOTYPES = YES;
				CLANG_WARN_SUSPICIOUS_MOVE = YES;
				CLANG_WARN_UNGUARDED_AVAILABILITY = YES_AGGRESSIVE;
				CLANG_WARN_UNREACHABLE_CODE = YES;
				CLANG_WARN__DUPLICATE_METHOD_MATCH = YES;
				COPY_PHASE_STRIP = NO;
				DEBUG_INFORMATION_FORMAT = "dwarf-with-dsym";
				ENABLE_NS_ASSERTIONS = NO;
				ENABLE_STRICT_OBJC_MSGSEND = YES;
				GCC_C_LANGUAGE_STANDARD = gnu11;
				GCC_NO_COMMON_BLOCKS = YES;
				GCC_WARN_64_TO_32_BIT_CONVERSION = YES;
				GCC_WARN_ABOUT_RETURN_TYPE = YES_ERROR;
				GCC_WARN_UNDECLARED_SELECTOR = YES;
				GCC_WARN_UNINITIALIZED_AUTOS = YES_AGGRESSIVE;
				GCC_WARN_UNUSED_FUNCTION = YES;
				GCC_WARN_UNUSED_VARIABLE = YES;
				IPHONEOS_DEPLOYMENT_TARGET = 16.2;
				MTL_ENABLE_DEBUG_INFO = NO;
				MTL_FAST_MATH = YES;
				SDKROOT = iphoneos;
				SWIFT_COMPILATION_MODE = wholemodule;
				SWIFT_OPTIMIZATION_LEVEL = "-O";
				VALIDATE_PRODUCT = YES;
			};
			name = Release;
		};
		F0F7C05629BB514C0044C376 /* Debug */ = {
			isa = XCBuildConfiguration;
			baseConfigurationReference = 2B7712FF5E08C074BD4D0B43 /* Pods-Foursquare Clone.debug.xcconfig */;
			buildSettings = {
				ASSETCATALOG_COMPILER_APPICON_NAME = AppIcon;
				ASSETCATALOG_COMPILER_GLOBAL_ACCENT_COLOR_NAME = AccentColor;
				CODE_SIGN_STYLE = Automatic;
				CURRENT_PROJECT_VERSION = 1;
				DEVELOPMENT_TEAM = JF2T5HNS2H;
				GENERATE_INFOPLIST_FILE = YES;
				INFOPLIST_FILE = "Foursquare Clone/Info.plist";
				INFOPLIST_KEY_UIApplicationSupportsIndirectInputEvents = YES;
				INFOPLIST_KEY_UILaunchStoryboardName = LaunchScreen;
				INFOPLIST_KEY_UIMainStoryboardFile = Main;
				INFOPLIST_KEY_UISupportedInterfaceOrientations_iPad = "UIInterfaceOrientationPortrait UIInterfaceOrientationPortraitUpsideDown UIInterfaceOrientationLandscapeLeft UIInterfaceOrientationLandscapeRight";
				INFOPLIST_KEY_UISupportedInterfaceOrientations_iPhone = "UIInterfaceOrientationPortrait UIInterfaceOrientationLandscapeLeft UIInterfaceOrientationLandscapeRight";
				LD_RUNPATH_SEARCH_PATHS = (
					"$(inherited)",
					"@executable_path/Frameworks",
				);
				MARKETING_VERSION = 1.0;
				PRODUCT_BUNDLE_IDENTIFIER = "com.kadirhankeles.Foursquare-Clone";
				PRODUCT_NAME = "$(TARGET_NAME)";
				SWIFT_EMIT_LOC_STRINGS = YES;
				SWIFT_VERSION = 5.0;
				TARGETED_DEVICE_FAMILY = "1,2";
			};
			name = Debug;
		};
		F0F7C05729BB514C0044C376 /* Release */ = {
			isa = XCBuildConfiguration;
			baseConfigurationReference = 0355EF3365B77A3D6695B287 /* Pods-Foursquare Clone.release.xcconfig */;
			buildSettings = {
				ASSETCATALOG_COMPILER_APPICON_NAME = AppIcon;
				ASSETCATALOG_COMPILER_GLOBAL_ACCENT_COLOR_NAME = AccentColor;
				CODE_SIGN_STYLE = Automatic;
				CURRENT_PROJECT_VERSION = 1;
				DEVELOPMENT_TEAM = JF2T5HNS2H;
				GENERATE_INFOPLIST_FILE = YES;
				INFOPLIST_FILE = "Foursquare Clone/Info.plist";
				INFOPLIST_KEY_UIApplicationSupportsIndirectInputEvents = YES;
				INFOPLIST_KEY_UILaunchStoryboardName = LaunchScreen;
				INFOPLIST_KEY_UIMainStoryboardFile = Main;
				INFOPLIST_KEY_UISupportedInterfaceOrientations_iPad = "UIInterfaceOrientationPortrait UIInterfaceOrientationPortraitUpsideDown UIInterfaceOrientationLandscapeLeft UIInterfaceOrientationLandscapeRight";
				INFOPLIST_KEY_UISupportedInterfaceOrientations_iPhone = "UIInterfaceOrientationPortrait UIInterfaceOrientationLandscapeLeft UIInterfaceOrientationLandscapeRight";
				LD_RUNPATH_SEARCH_PATHS = (
					"$(inherited)",
					"@executable_path/Frameworks",
				);
				MARKETING_VERSION = 1.0;
				PRODUCT_BUNDLE_IDENTIFIER = "com.kadirhankeles.Foursquare-Clone";
				PRODUCT_NAME = "$(TARGET_NAME)";
				SWIFT_EMIT_LOC_STRINGS = YES;
				SWIFT_VERSION = 5.0;
				TARGETED_DEVICE_FAMILY = "1,2";
			};
			name = Release;
		};
/* End XCBuildConfiguration section */

/* Begin XCConfigurationList section */
		F0F7C03C29BB514B0044C376 /* Build configuration list for PBXProject "Foursquare Clone" */ = {
			isa = XCConfigurationList;
			buildConfigurations = (
				F0F7C05329BB514C0044C376 /* Debug */,
				F0F7C05429BB514C0044C376 /* Release */,
			);
			defaultConfigurationIsVisible = 0;
			defaultConfigurationName = Release;
		};
		F0F7C05529BB514C0044C376 /* Build configuration list for PBXNativeTarget "Foursquare Clone" */ = {
			isa = XCConfigurationList;
			buildConfigurations = (
				F0F7C05629BB514C0044C376 /* Debug */,
				F0F7C05729BB514C0044C376 /* Release */,
			);
			defaultConfigurationIsVisible = 0;
			defaultConfigurationName = Release;
		};
/* End XCConfigurationList section */
	};
	rootObject = F0F7C03929BB514B0044C376 /* Project object */;
}
